
Microsoft Visual Studio Solution File, Format Version 12.00
# Visual Studio Version 16
VisualStudioVersion = 16.0.30611.23
MinimumVisualStudioVersion = 10.0.40219.1
Project("{FAE04EC0-301F-11D3-BF4B-00C04F79EFBC}") = "CookShare", "CookShare\CookShare.csproj", "{1D43E203-133A-430A-B85A-E2C14E37C005}"
EndProject
Global
	GlobalSection(SolutionConfigurationPlatforms) = preSolution
		Debug|Any CPU = Debug|Any CPU
		Release|Any CPU = Release|Any CPU
	EndGlobalSection
	GlobalSection(ProjectConfigurationPlatforms) = postSolution
		{1D43E203-133A-430A-B85A-E2C14E37C005}.Debug|Any CPU.ActiveCfg = Debug|Any CPU
		{1D43E203-133A-430A-B85A-E2C14E37C005}.Debug|Any CPU.Build.0 = Debug|Any CPU
		{1D43E203-133A-430A-B85A-E2C14E37C005}.Release|Any CPU.ActiveCfg = Release|Any CPU
		{1D43E203-133A-430A-B85A-E2C14E37C005}.Release|Any CPU.Build.0 = Release|Any CPU
	EndGlobalSection
	GlobalSection(SolutionProperties) = preSolution
		HideSolutionNode = FALSE
	EndGlobalSection
	GlobalSection(ExtensibilityGlobals) = postSolution
		SolutionGuid = {0DA19766-799F-4CE8-9721-EFE93503F4BB}
	EndGlobalSection
EndGlobal
